// !$*UTF8*$!
{
	archiveVersion = 1;
	classes = {
	};
	objectVersion = 50;
	objects = {

/* Begin PBXBuildFile section */
		7FD2B75C24AD094000F5EDDF /* AppDelegate.swift in Sources */ = {isa = PBXBuildFile; fileRef = 7FD2B75B24AD094000F5EDDF /* AppDelegate.swift */; };
		7FD2B75E24AD094000F5EDDF /* SceneDelegate.swift in Sources */ = {isa = PBXBuildFile; fileRef = 7FD2B75D24AD094000F5EDDF /* SceneDelegate.swift */; };
		7FD2B76024AD094000F5EDDF /* ContentView.swift in Sources */ = {isa = PBXBuildFile; fileRef = 7FD2B75F24AD094000F5EDDF /* ContentView.swift */; };
		7FD2B76224AD094100F5EDDF /* Assets.xcassets in Resources */ = {isa = PBXBuildFile; fileRef = 7FD2B76124AD094100F5EDDF /* Assets.xcassets */; };
		7FD2B76524AD094100F5EDDF /* Preview Assets.xcassets in Resources */ = {isa = PBXBuildFile; fileRef = 7FD2B76424AD094100F5EDDF /* Preview Assets.xcassets */; };
		7FD2B76824AD094100F5EDDF /* LaunchScreen.storyboard in Resources */ = {isa = PBXBuildFile; fileRef = 7FD2B76624AD094100F5EDDF /* LaunchScreen.storyboard */; };
/* End PBXBuildFile section */

/* Begin PBXFileReference section */
		7FD2B75824AD094000F5EDDF /* SlotsGame.app */ = {isa = PBXFileReference; explicitFileType = wrapper.application; includeInIndex = 0; path = SlotsGame.app; sourceTree = BUILT_PRODUCTS_DIR; };
		7FD2B75B24AD094000F5EDDF /* AppDelegate.swift */ = {isa = PBXFileReference; lastKnownFileType = sourcecode.swift; path = AppDelegate.swift; sourceTree = "<group>"; };
		7FD2B75D24AD094000F5EDDF /* SceneDelegate.swift */ = {isa = PBXFileReference; lastKnownFileType = sourcecode.swift; path = SceneDelegate.swift; sourceTree = "<group>"; };
		7FD2B75F24AD094000F5EDDF /* ContentView.swift */ = {isa = PBXFileReference; lastKnownFileType = sourcecode.swift; path = ContentView.swift; sourceTree = "<group>"; };
		7FD2B76124AD094100F5EDDF /* Assets.xcassets */ = {isa = PBXFileReference; lastKnownFileType = folder.assetcatalog; path = Assets.xcassets; sourceTree = "<group>"; };
		7FD2B76424AD094100F5EDDF /* Preview Assets.xcassets */ = {isa = PBXFileReference; lastKnownFileType = folder.assetcatalog; path = "Preview Assets.xcassets"; sourceTree = "<group>"; };
		7FD2B76724AD094100F5EDDF /* Base */ = {isa = PBXFileReference; lastKnownFileType = file.storyboard; name = Base; path = Base.lproj/LaunchScreen.storyboard; sourceTree = "<group>"; };
		7FD2B76924AD094100F5EDDF /* Info.plist */ = {isa = PBXFileReference; lastKnownFileType = text.plist.xml; path = Info.plist; sourceTree = "<group>"; };
/* End PBXFileReference section */

/* Begin PBXFrameworksBuildPhase section */
		7FD2B75524AD094000F5EDDF /* Frameworks */ = {
			isa = PBXFrameworksBuildPhase;
			buildActionMask = 2147483647;
			files = (
			);
			runOnlyForDeploymentPostprocessing = 0;
		};
/* End PBXFrameworksBuildPhase section */

/* Begin PBXGroup section */
		7FD2B74F24AD094000F5EDDF = {
			isa = PBXGroup;
			children = (
				7FD2B75A24AD094000F5EDDF /* SlotsGame */,
				7FD2B75924AD094000F5EDDF /* Products */,
			);
			sourceTree = "<group>";
		};
		7FD2B75924AD094000F5EDDF /* Products */ = {
			isa = PBXGroup;
			children = (
				7FD2B75824AD094000F5EDDF /* SlotsGame.app */,
			);
			name = Products;
			sourceTree = "<group>";
		};
		7FD2B75A24AD094000F5EDDF /* SlotsGame */ = {
			isa = PBXGroup;
			children = (
				7FD2B75B24AD094000F5EDDF /* AppDelegate.swift */,
				7FD2B75D24AD094000F5EDDF /* SceneDelegate.swift */,
				7FD2B75F24AD094000F5EDDF /* ContentView.swift */,
				7FD2B76124AD094100F5EDDF /* Assets.xcassets */,
				7FD2B76624AD094100F5EDDF /* LaunchScreen.storyboard */,
				7FD2B76924AD094100F5EDDF /* Info.plist */,
				7FD2B76324AD094100F5EDDF /* Preview Content */,
			);
			path = SlotsGame;
			sourceTree = "<group>";
		};
		7FD2B76324AD094100F5EDDF /* Preview Content */ = {
			isa = PBXGroup;
			children = (
				7FD2B76424AD094100F5EDDF /* Preview Assets.xcassets */,
			);
			path = "Preview Content";
			sourceTree = "<group>";
		};
/* End PBXGroup section */

/* Begin PBXNativeTarget section */
		7FD2B75724AD094000F5EDDF /* SlotsGame */ = {
			isa = PBXNativeTarget;
			buildConfigurationList = 7FD2B76C24AD094100F5EDDF /* Build configuration list for PBXNativeTarget "SlotsGame" */;
			buildPhases = (
				7FD2B75424AD094000F5EDDF /* Sources */,
				7FD2B75524AD094000F5EDDF /* Frameworks */,
				7FD2B75624AD094000F5EDDF /* Resources */,
			);
			buildRules = (
			);
			dependencies = (
			);
			name = SlotsGame;
			productName = SlotsGame;
			productReference = 7FD2B75824AD094000F5EDDF /* SlotsGame.app */;
			productType = "com.apple.product-type.application";
		};
/* End PBXNativeTarget section */

/* Begin PBXProject section */
		7FD2B75024AD094000F5EDDF /* Project object */ = {
			isa = PBXProject;
			attributes = {
				LastSwiftUpdateCheck = 1150;
				LastUpgradeCheck = 1150;
				ORGANIZATIONNAME = "Adam Ghaffarian";
				TargetAttributes = {
					7FD2B75724AD094000F5EDDF = {
						CreatedOnToolsVersion = 11.5;
					};
				};
			};
			buildConfigurationList = 7FD2B75324AD094000F5EDDF /* Build configuration list for PBXProject "SlotsGame" */;
			compatibilityVersion = "Xcode 9.3";
			developmentRegion = en;
			hasScannedForEncodings = 0;
			knownRegions = (
				en,
				Base,
			);
			mainGroup = 7FD2B74F24AD094000F5EDDF;
			productRefGroup = 7FD2B75924AD094000F5EDDF /* Products */;
			projectDirPath = "";
			projectRoot = "";
			targets = (
				7FD2B75724AD094000F5EDDF /* SlotsGame */,
			);
		};
/* End PBXProject section */

/* Begin PBXResourcesBuildPhase section */
		7FD2B75624AD094000F5EDDF /* Resources */ = {
			isa = PBXResourcesBuildPhase;
			buildActionMask = 2147483647;
			files = (
				7FD2B76824AD094100F5EDDF /* LaunchScreen.storyboard in Resources */,
				7FD2B76524AD094100F5EDDF /* Preview Assets.xcassets in Resources */,
				7FD2B76224AD094100F5EDDF /* Assets.xcassets in Resources */,
			);
			runOnlyForDeploymentPostprocessing = 0;
		};
/* End PBXResourcesBuildPhase section */

/* Begin PBXSourcesBuildPhase section */
		7FD2B75424AD094000F5EDDF /* Sources */ = {
			isa = PBXSourcesBuildPhase;
			buildActionMask = 2147483647;
			files = (
				7FD2B75C24AD094000F5EDDF /* AppDelegate.swift in Sources */,
				7FD2B75E24AD094000F5EDDF /* SceneDelegate.swift in Sources */,
				7FD2B76024AD094000F5EDDF /* ContentView.swift in Sources */,
			);
			runOnlyForDeploymentPostprocessing = 0;
		};
/* End PBXSourcesBuildPhase section */

/* Begin PBXVariantGroup section */
		7FD2B76624AD094100F5EDDF /* LaunchScreen.storyboard */ = {
			isa = PBXVariantGroup;
			children = (
				7FD2B76724AD094100F5EDDF /* Base */,
			);
			name = LaunchScreen.storyboard;
			sourceTree = "<group>";
		};
/* End PBXVariantGroup section */

/* Begin XCBuildConfiguration section */
		7FD2B76A24AD094100F5EDDF /* Debug */ = {
			isa = XCBuildConfiguration;
			buildSettings = {
				ALWAYS_SEARCH_USER_PATHS = NO;
				CLANG_ANALYZER_NONNULL = YES;
				CLANG_ANALYZER_NUMBER_OBJECT_CONVERSION = YES_AGGRESSIVE;
				CLANG_CXX_LANGUAGE_STANDARD = "gnu++14";
				CLANG_CXX_LIBRARY = "libc++";
				CLANG_ENABLE_MODULES = YES;
				CLANG_ENABLE_OBJC_ARC = YES;
				CLANG_ENABLE_OBJC_WEAK = YES;
				CLANG_WARN_BLOCK_CAPTURE_AUTORELEASING = YES;
				CLANG_WARN_BOOL_CONVERSION = YES;
				CLANG_WARN_COMMA = YES;
				CLANG_WARN_CONSTANT_CONVERSION = YES;
				CLANG_WARN_DEPRECATED_OBJC_IMPLEMENTATIONS = YES;
				CLANG_WARN_DIRECT_OBJC_ISA_USAGE = YES_ERROR;
				CLANG_WARN_DOCUMENTATION_COMMENTS = YES;
				CLANG_WARN_EMPTY_BODY = YES;
				CLANG_WARN_ENUM_CONVERSION = YES;
				CLANG_WARN_INFINITE_RECURSION = YES;
				CLANG_WARN_INT_CONVERSION = YES;
				CLANG_WARN_NON_LITERAL_NULL_CONVERSION = YES;
				CLANG_WARN_OBJC_IMPLICIT_RETAIN_SELF = YES;
				CLANG_WARN_OBJC_LITERAL_CONVERSION = YES;
				CLANG_WARN_OBJC_ROOT_CLASS = YES_ERROR;
				CLANG_WARN_RANGE_LOOP_ANALYSIS = YES;
				CLANG_WARN_STRICT_PROTOTYPES = YES;
				CLANG_WARN_SUSPICIOUS_MOVE = YES;
				CLANG_WARN_UNGUARDED_AVAILABILITY = YES_AGGRESSIVE;
				CLANG_WARN_UNREACHABLE_CODE = YES;
				CLANG_WARN__DUPLICATE_METHOD_MATCH = YES;
				COPY_PHASE_STRIP = NO;
				DEBUG_INFORMATION_FORMAT = dwarf;
				ENABLE_STRICT_OBJC_MSGSEND = YES;
				ENABLE_TESTABILITY = YES;
				GCC_C_LANGUAGE_STANDARD = gnu11;
				GCC_DYNAMIC_NO_PIC = NO;
				GCC_NO_COMMON_BLOCKS = YES;
				GCC_OPTIMIZATION_LEVEL = 0;
				GCC_PREPROCESSOR_DEFINITIONS = (
					"DEBUG=1",
					"$(inherited)",
				);
				GCC_WARN_64_TO_32_BIT_CONVERSION = YES;
				GCC_WARN_ABOUT_RETURN_TYPE = YES_ERROR;
				GCC_WARN_UNDECLARED_SELECTOR = YES;
				GCC_WARN_UNINITIALIZED_AUTOS = YES_AGGRESSIVE;
				GCC_WARN_UNUSED_FUNCTION = YES;
				GCC_WARN_UNUSED_VARIABLE = YES;
				IPHONEOS_DEPLOYMENT_TARGET = 13.5;
				MTL_ENABLE_DEBUG_INFO = INCLUDE_SOURCE;
				MTL_FAST_MATH = YES;
				ONLY_ACTIVE_ARCH = YES;
				SDKROOT = iphoneos;
				SWIFT_ACTIVE_COMPILATION_CONDITIONS = DEBUG;
				SWIFT_OPTIMIZATION_LEVEL = "-Onone";
			};
			name = Debug;
		};
		7FD2B76B24AD094100F5EDDF /* Release */ = {
			isa = XCBuildConfiguration;
			buildSettings = {
				ALWAYS_SEARCH_USER_PATHS = NO;
				CLANG_ANALYZER_NONNULL = YES;
				CLANG_ANALYZER_NUMBER_OBJECT_CONVERSION = YES_AGGRESSIVE;
				CLANG_CXX_LANGUAGE_STANDARD = "gnu++14";
				CLANG_CXX_LIBRARY = "libc++";
				CLANG_ENABLE_MODULES = YES;
				CLANG_ENABLE_OBJC_ARC = YES;
				CLANG_ENABLE_OBJC_WEAK = YES;
				CLANG_WARN_BLOCK_CAPTURE_AUTORELEASING = YES;
				CLANG_WARN_BOOL_CONVERSION = YES;
				CLANG_WARN_COMMA = YES;
				CLANG_WARN_CONSTANT_CONVERSION = YES;
				CLANG_WARN_DEPRECATED_OBJC_IMPLEMENTATIONS = YES;
				CLANG_WARN_DIRECT_OBJC_ISA_USAGE = YES_ERROR;
				CLANG_WARN_DOCUMENTATION_COMMENTS = YES;
				CLANG_WARN_EMPTY_BODY = YES;
				CLANG_WARN_ENUM_CONVERSION = YES;
				CLANG_WARN_INFINITE_RECURSION = YES;
				CLANG_WARN_INT_CONVERSION = YES;
				CLANG_WARN_NON_LITERAL_NULL_CONVERSION = YES;
				CLANG_WARN_OBJC_IMPLICIT_RETAIN_SELF = YES;
				CLANG_WARN_OBJC_LITERAL_CONVERSION = YES;
				CLANG_WARN_OBJC_ROOT_CLASS = YES_ERROR;
				CLANG_WARN_RANGE_LOOP_ANALYSIS = YES;
				CLANG_WARN_STRICT_PROTOTYPES = YES;
				CLANG_WARN_SUSPICIOUS_MOVE = YES;
				CLANG_WARN_UNGUARDED_AVAILABILITY = YES_AGGRESSIVE;
				CLANG_WARN_UNREACHABLE_CODE = YES;
				CLANG_WARN__DUPLICATE_METHOD_MATCH = YES;
				COPY_PHASE_STRIP = NO;
				DEBUG_INFORMATION_FORMAT = "dwarf-with-dsym";
				ENABLE_NS_ASSERTIONS = NO;
				ENABLE_STRICT_OBJC_MSGSEND = YES;
				GCC_C_LANGUAGE_STANDARD = gnu11;
				GCC_NO_COMMON_BLOCKS = YES;
				GCC_WARN_64_TO_32_BIT_CONVERSION = YES;
				GCC_WARN_ABOUT_RETURN_TYPE = YES_ERROR;
				GCC_WARN_UNDECLARED_SELECTOR = YES;
				GCC_WARN_UNINITIALIZED_AUTOS = YES_AGGRESSIVE;
				GCC_WARN_UNUSED_FUNCTION = YES;
				GCC_WARN_UNUSED_VARIABLE = YES;
				IPHONEOS_DEPLOYMENT_TARGET = 13.5;
				MTL_ENABLE_DEBUG_INFO = NO;
				MTL_FAST_MATH = YES;
				SDKROOT = iphoneos;
				SWIFT_COMPILATION_MODE = wholemodule;
				SWIFT_OPTIMIZATION_LEVEL = "-O";
				VALIDATE_PRODUCT = YES;
			};
			name = Release;
		};
		7FD2B76D24AD094100F5EDDF /* Debug */ = {
			isa = XCBuildConfiguration;
			buildSettings = {
				ASSETCATALOG_COMPILER_APPICON_NAME = AppIcon;
				CODE_SIGN_STYLE = Automatic;
				DEVELOPMENT_ASSET_PATHS = "\"SlotsGame/Preview Content\"";
				DEVELOPMENT_TEAM = 6KTV92KH54;
				ENABLE_PREVIEWS = YES;
				INFOPLIST_FILE = SlotsGame/Info.plist;
				LD_RUNPATH_SEARCH_PATHS = (
					"$(inherited)",
					"@executable_path/Frameworks",
				);
				PRODUCT_BUNDLE_IDENTIFIER = com.b34st80y.SlotsGame;
				PRODUCT_NAME = "$(TARGET_NAME)";
				SWIFT_VERSION = 5.0;
				TARGETED_DEVICE_FAMILY = "1,2";
			};
			name = Debug;
		};
		7FD2B76E24AD094100F5EDDF /* Release */ = {
			isa = XCBuildConfiguration;
			buildSettings = {
				ASSETCATALOG_COMPILER_APPICON_NAME = AppIcon;
				CODE_SIGN_STYLE = Automatic;
				DEVELOPMENT_ASSET_PATHS = "\"SlotsGame/Preview Content\"";
				DEVELOPMENT_TEAM = 6KTV92KH54;
				ENABLE_PREVIEWS = YES;
				INFOPLIST_FILE = SlotsGame/Info.plist;
				LD_RUNPATH_SEARCH_PATHS = (
					"$(inherited)",
					"@executable_path/Frameworks",
				);
				PRODUCT_BUNDLE_IDENTIFIER = com.b34st80y.SlotsGame;
				PRODUCT_NAME = "$(TARGET_NAME)";
				SWIFT_VERSION = 5.0;
				TARGETED_DEVICE_FAMILY = "1,2";
			};
			name = Release;
		};
/* End XCBuildConfiguration section */

/* Begin XCConfigurationList section */
		7FD2B75324AD094000F5EDDF /* Build configuration list for PBXProject "SlotsGame" */ = {
			isa = XCConfigurationList;
			buildConfigurations = (
				7FD2B76A24AD094100F5EDDF /* Debug */,
				7FD2B76B24AD094100F5EDDF /* Release */,
			);
			defaultConfigurationIsVisible = 0;
			defaultConfigurationName = Release;
		};
		7FD2B76C24AD094100F5EDDF /* Build configuration list for PBXNativeTarget "SlotsGame" */ = {
			isa = XCConfigurationList;
			buildConfigurations = (
				7FD2B76D24AD094100F5EDDF /* Debug */,
				7FD2B76E24AD094100F5EDDF /* Release */,
			);
			defaultConfigurationIsVisible = 0;
			defaultConfigurationName = Release;
		};
/* End XCConfigurationList section */
	};
	rootObject = 7FD2B75024AD094000F5EDDF /* Project object */;
}
